// !$*UTF8*$!
{
	archiveVersion = 1;
	classes = {
	};
	objectVersion = 56;
	objects = {

/* Begin PBXBuildFile section */
		3B2F3CB32BD13C1D00B8DCEE /* TCAExampleApp.swift in Sources */ = {isa = PBXBuildFile; fileRef = 3B2F3CB22BD13C1D00B8DCEE /* TCAExampleApp.swift */; };
		3B2F3CB72BD13C1E00B8DCEE /* Assets.xcassets in Resources */ = {isa = PBXBuildFile; fileRef = 3B2F3CB62BD13C1E00B8DCEE /* Assets.xcassets */; };
		3B2F3CBA2BD13C1E00B8DCEE /* Preview Assets.xcassets in Resources */ = {isa = PBXBuildFile; fileRef = 3B2F3CB92BD13C1E00B8DCEE /* Preview Assets.xcassets */; };
		3B2F3CC22BD13E1900B8DCEE /* ComposableArchitecture in Frameworks */ = {isa = PBXBuildFile; productRef = 3B2F3CC12BD13E1900B8DCEE /* ComposableArchitecture */; };
		3B2F3CC42BD13E4700B8DCEE /* Todo.swift in Sources */ = {isa = PBXBuildFile; fileRef = 3B2F3CC32BD13E4700B8DCEE /* Todo.swift */; };
		3B2F3CC62BD13ED200B8DCEE /* TodoView.swift in Sources */ = {isa = PBXBuildFile; fileRef = 3B2F3CC52BD13ED200B8DCEE /* TodoView.swift */; };
		3B2F3CC82BD13EF700B8DCEE /* Todos.swift in Sources */ = {isa = PBXBuildFile; fileRef = 3B2F3CC72BD13EF700B8DCEE /* Todos.swift */; };
		3B2F3CCA2BD13F1300B8DCEE /* AppView.swift in Sources */ = {isa = PBXBuildFile; fileRef = 3B2F3CC92BD13F1300B8DCEE /* AppView.swift */; };
/* End PBXBuildFile section */

/* Begin PBXFileReference section */
		3B2F3CAF2BD13C1D00B8DCEE /* TCAExample.app */ = {isa = PBXFileReference; explicitFileType = wrapper.application; includeInIndex = 0; path = TCAExample.app; sourceTree = BUILT_PRODUCTS_DIR; };
		3B2F3CB22BD13C1D00B8DCEE /* TCAExampleApp.swift */ = {isa = PBXFileReference; lastKnownFileType = sourcecode.swift; path = TCAExampleApp.swift; sourceTree = "<group>"; };
		3B2F3CB62BD13C1E00B8DCEE /* Assets.xcassets */ = {isa = PBXFileReference; lastKnownFileType = folder.assetcatalog; path = Assets.xcassets; sourceTree = "<group>"; };
		3B2F3CB92BD13C1E00B8DCEE /* Preview Assets.xcassets */ = {isa = PBXFileReference; lastKnownFileType = folder.assetcatalog; path = "Preview Assets.xcassets"; sourceTree = "<group>"; };
		3B2F3CC32BD13E4700B8DCEE /* Todo.swift */ = {isa = PBXFileReference; lastKnownFileType = sourcecode.swift; path = Todo.swift; sourceTree = "<group>"; };
		3B2F3CC52BD13ED200B8DCEE /* TodoView.swift */ = {isa = PBXFileReference; lastKnownFileType = sourcecode.swift; path = TodoView.swift; sourceTree = "<group>"; };
		3B2F3CC72BD13EF700B8DCEE /* Todos.swift */ = {isa = PBXFileReference; lastKnownFileType = sourcecode.swift; path = Todos.swift; sourceTree = "<group>"; };
		3B2F3CC92BD13F1300B8DCEE /* AppView.swift */ = {isa = PBXFileReference; lastKnownFileType = sourcecode.swift; path = AppView.swift; sourceTree = "<group>"; };
/* End PBXFileReference section */

/* Begin PBXFrameworksBuildPhase section */
		3B2F3CAC2BD13C1D00B8DCEE /* Frameworks */ = {
			isa = PBXFrameworksBuildPhase;
			buildActionMask = 2147483647;
			files = (
				3B2F3CC22BD13E1900B8DCEE /* ComposableArchitecture in Frameworks */,
			);
			runOnlyForDeploymentPostprocessing = 0;
		};
/* End PBXFrameworksBuildPhase section */

/* Begin PBXGroup section */
		3B2F3CA62BD13C1D00B8DCEE = {
			isa = PBXGroup;
			children = (
				3B2F3CB12BD13C1D00B8DCEE /* TCAExample */,
				3B2F3CB02BD13C1D00B8DCEE /* Products */,
			);
			sourceTree = "<group>";
		};
		3B2F3CB02BD13C1D00B8DCEE /* Products */ = {
			isa = PBXGroup;
			children = (
				3B2F3CAF2BD13C1D00B8DCEE /* TCAExample.app */,
			);
			name = Products;
			sourceTree = "<group>";
		};
		3B2F3CB12BD13C1D00B8DCEE /* TCAExample */ = {
			isa = PBXGroup;
			children = (
				3B2F3CB22BD13C1D00B8DCEE /* TCAExampleApp.swift */,
				3B2F3CB62BD13C1E00B8DCEE /* Assets.xcassets */,
				3B2F3CB82BD13C1E00B8DCEE /* Preview Content */,
				3B2F3CC32BD13E4700B8DCEE /* Todo.swift */,
				3B2F3CC52BD13ED200B8DCEE /* TodoView.swift */,
				3B2F3CC72BD13EF700B8DCEE /* Todos.swift */,
				3B2F3CC92BD13F1300B8DCEE /* AppView.swift */,
			);
			path = TCAExample;
			sourceTree = "<group>";
		};
		3B2F3CB82BD13C1E00B8DCEE /* Preview Content */ = {
			isa = PBXGroup;
			children = (
				3B2F3CB92BD13C1E00B8DCEE /* Preview Assets.xcassets */,
			);
			path = "Preview Content";
			sourceTree = "<group>";
		};
/* End PBXGroup section */

/* Begin PBXNativeTarget section */
		3B2F3CAE2BD13C1D00B8DCEE /* TCAExample */ = {
			isa = PBXNativeTarget;
			buildConfigurationList = 3B2F3CBD2BD13C1E00B8DCEE /* Build configuration list for PBXNativeTarget "TCAExample" */;
			buildPhases = (
				3B2F3CAB2BD13C1D00B8DCEE /* Sources */,
				3B2F3CAC2BD13C1D00B8DCEE /* Frameworks */,
				3B2F3CAD2BD13C1D00B8DCEE /* Resources */,
			);
			buildRules = (
			);
			dependencies = (
			);
			name = TCAExample;
			packageProductDependencies = (
				3B2F3CC12BD13E1900B8DCEE /* ComposableArchitecture */,
			);
			productName = TCAExample;
			productReference = 3B2F3CAF2BD13C1D00B8DCEE /* TCAExample.app */;
			productType = "com.apple.product-type.application";
		};
/* End PBXNativeTarget section */

/* Begin PBXProject section */
		3B2F3CA72BD13C1D00B8DCEE /* Project object */ = {
			isa = PBXProject;
			attributes = {
				BuildIndependentTargetsInParallel = 1;
				LastSwiftUpdateCheck = 1520;
				LastUpgradeCheck = 1520;
				TargetAttributes = {
					3B2F3CAE2BD13C1D00B8DCEE = {
						CreatedOnToolsVersion = 15.2;
					};
				};
			};
			buildConfigurationList = 3B2F3CAA2BD13C1D00B8DCEE /* Build configuration list for PBXProject "TCAExample" */;
			compatibilityVersion = "Xcode 14.0";
			developmentRegion = en;
			hasScannedForEncodings = 0;
			knownRegions = (
				en,
				Base,
			);
			mainGroup = 3B2F3CA62BD13C1D00B8DCEE;
			packageReferences = (
				3B2F3CC02BD13E1900B8DCEE /* XCRemoteSwiftPackageReference "swift-composable-architecture" */,
			);
			productRefGroup = 3B2F3CB02BD13C1D00B8DCEE /* Products */;
			projectDirPath = "";
			projectRoot = "";
			targets = (
				3B2F3CAE2BD13C1D00B8DCEE /* TCAExample */,
			);
		};
/* End PBXProject section */

/* Begin PBXResourcesBuildPhase section */
		3B2F3CAD2BD13C1D00B8DCEE /* Resources */ = {
			isa = PBXResourcesBuildPhase;
			buildActionMask = 2147483647;
			files = (
				3B2F3CBA2BD13C1E00B8DCEE /* Preview Assets.xcassets in Resources */,
				3B2F3CB72BD13C1E00B8DCEE /* Assets.xcassets in Resources */,
			);
			runOnlyForDeploymentPostprocessing = 0;
		};
/* End PBXResourcesBuildPhase section */

/* Begin PBXSourcesBuildPhase section */
		3B2F3CAB2BD13C1D00B8DCEE /* Sources */ = {
			isa = PBXSourcesBuildPhase;
			buildActionMask = 2147483647;
			files = (
				3B2F3CC42BD13E4700B8DCEE /* Todo.swift in Sources */,
				3B2F3CC62BD13ED200B8DCEE /* TodoView.swift in Sources */,
				3B2F3CCA2BD13F1300B8DCEE /* AppView.swift in Sources */,
				3B2F3CC82BD13EF700B8DCEE /* Todos.swift in Sources */,
				3B2F3CB32BD13C1D00B8DCEE /* TCAExampleApp.swift in Sources */,
			);
			runOnlyForDeploymentPostprocessing = 0;
		};
/* End PBXSourcesBuildPhase section */

/* Begin XCBuildConfiguration section */
		3B2F3CBB2BD13C1E00B8DCEE /* Debug */ = {
			isa = XCBuildConfiguration;
			buildSettings = {
				ALWAYS_SEARCH_USER_PATHS = NO;
				ASSETCATALOG_COMPILER_GENERATE_SWIFT_ASSET_SYMBOL_EXTENSIONS = YES;
				CLANG_ANALYZER_NONNULL = YES;
				CLANG_ANALYZER_NUMBER_OBJECT_CONVERSION = YES_AGGRESSIVE;
				CLANG_CXX_LANGUAGE_STANDARD = "gnu++20";
				CLANG_ENABLE_MODULES = YES;
				CLANG_ENABLE_OBJC_ARC = YES;
				CLANG_ENABLE_OBJC_WEAK = YES;
				CLANG_WARN_BLOCK_CAPTURE_AUTORELEASING = YES;
				CLANG_WARN_BOOL_CONVERSION = YES;
				CLANG_WARN_COMMA = YES;
				CLANG_WARN_CONSTANT_CONVERSION = YES;
				CLANG_WARN_DEPRECATED_OBJC_IMPLEMENTATIONS = YES;
				CLANG_WARN_DIRECT_OBJC_ISA_USAGE = YES_ERROR;
				CLANG_WARN_DOCUMENTATION_COMMENTS = YES;
				CLANG_WARN_EMPTY_BODY = YES;
				CLANG_WARN_ENUM_CONVERSION = YES;
				CLANG_WARN_INFINITE_RECURSION = YES;
				CLANG_WARN_INT_CONVERSION = YES;
				CLANG_WARN_NON_LITERAL_NULL_CONVERSION = YES;
				CLANG_WARN_OBJC_IMPLICIT_RETAIN_SELF = YES;
				CLANG_WARN_OBJC_LITERAL_CONVERSION = YES;
				CLANG_WARN_OBJC_ROOT_CLASS = YES_ERROR;
				CLANG_WARN_QUOTED_INCLUDE_IN_FRAMEWORK_HEADER = YES;
				CLANG_WARN_RANGE_LOOP_ANALYSIS = YES;
				CLANG_WARN_STRICT_PROTOTYPES = YES;
				CLANG_WARN_SUSPICIOUS_MOVE = YES;
				CLANG_WARN_UNGUARDED_AVAILABILITY = YES_AGGRESSIVE;
				CLANG_WARN_UNREACHABLE_CODE = YES;
				CLANG_WARN__DUPLICATE_METHOD_MATCH = YES;
				COPY_PHASE_STRIP = NO;
				DEBUG_INFORMATION_FORMAT = dwarf;
				ENABLE_STRICT_OBJC_MSGSEND = YES;
				ENABLE_TESTABILITY = YES;
				ENABLE_USER_SCRIPT_SANDBOXING = YES;
				GCC_C_LANGUAGE_STANDARD = gnu17;
				GCC_DYNAMIC_NO_PIC = NO;
				GCC_NO_COMMON_BLOCKS = YES;
				GCC_OPTIMIZATION_LEVEL = 0;
				GCC_PREPROCESSOR_DEFINITIONS = (
					"DEBUG=1",
					"$(inherited)",
				);
				GCC_WARN_64_TO_32_BIT_CONVERSION = YES;
				GCC_WARN_ABOUT_RETURN_TYPE = YES_ERROR;
				GCC_WARN_UNDECLARED_SELECTOR = YES;
				GCC_WARN_UNINITIALIZED_AUTOS = YES_AGGRESSIVE;
				GCC_WARN_UNUSED_FUNCTION = YES;
				GCC_WARN_UNUSED_VARIABLE = YES;
				IPHONEOS_DEPLOYMENT_TARGET = 17.2;
				LOCALIZATION_PREFERS_STRING_CATALOGS = YES;
				MTL_ENABLE_DEBUG_INFO = INCLUDE_SOURCE;
				MTL_FAST_MATH = YES;
				ONLY_ACTIVE_ARCH = YES;
				SDKROOT = iphoneos;
				SWIFT_ACTIVE_COMPILATION_CONDITIONS = "DEBUG $(inherited)";
				SWIFT_OPTIMIZATION_LEVEL = "-Onone";
			};
			name = Debug;
		};
		3B2F3CBC2BD13C1E00B8DCEE /* Release */ = {
			isa = XCBuildConfiguration;
			buildSettings = {
				ALWAYS_SEARCH_USER_PATHS = NO;
				ASSETCATALOG_COMPILER_GENERATE_SWIFT_ASSET_SYMBOL_EXTENSIONS = YES;
				CLANG_ANALYZER_NONNULL = YES;
				CLANG_ANALYZER_NUMBER_OBJECT_CONVERSION = YES_AGGRESSIVE;
				CLANG_CXX_LANGUAGE_STANDARD = "gnu++20";
				CLANG_ENABLE_MODULES = YES;
				CLANG_ENABLE_OBJC_ARC = YES;
				CLANG_ENABLE_OBJC_WEAK = YES;
				CLANG_WARN_BLOCK_CAPTURE_AUTORELEASING = YES;
				CLANG_WARN_BOOL_CONVERSION = YES;
				CLANG_WARN_COMMA = YES;
				CLANG_WARN_CONSTANT_CONVERSION = YES;
				CLANG_WARN_DEPRECATED_OBJC_IMPLEMENTATIONS = YES;
				CLANG_WARN_DIRECT_OBJC_ISA_USAGE = YES_ERROR;
				CLANG_WARN_DOCUMENTATION_COMMENTS = YES;
				CLANG_WARN_EMPTY_BODY = YES;
				CLANG_WARN_ENUM_CONVERSION = YES;
				CLANG_WARN_INFINITE_RECURSION = YES;
				CLANG_WARN_INT_CONVERSION = YES;
				CLANG_WARN_NON_LITERAL_NULL_CONVERSION = YES;
				CLANG_WARN_OBJC_IMPLICIT_RETAIN_SELF = YES;
				CLANG_WARN_OBJC_LITERAL_CONVERSION = YES;
				CLANG_WARN_OBJC_ROOT_CLASS = YES_ERROR;
				CLANG_WARN_QUOTED_INCLUDE_IN_FRAMEWORK_HEADER = YES;
				CLANG_WARN_RANGE_LOOP_ANALYSIS = YES;
				CLANG_WARN_STRICT_PROTOTYPES = YES;
				CLANG_WARN_SUSPICIOUS_MOVE = YES;
				CLANG_WARN_UNGUARDED_AVAILABILITY = YES_AGGRESSIVE;
				CLANG_WARN_UNREACHABLE_CODE = YES;
				CLANG_WARN__DUPLICATE_METHOD_MATCH = YES;
				COPY_PHASE_STRIP = NO;
				DEBUG_INFORMATION_FORMAT = "dwarf-with-dsym";
				ENABLE_NS_ASSERTIONS = NO;
				ENABLE_STRICT_OBJC_MSGSEND = YES;
				ENABLE_USER_SCRIPT_SANDBOXING = YES;
				GCC_C_LANGUAGE_STANDARD = gnu17;
				GCC_NO_COMMON_BLOCKS = YES;
				GCC_WARN_64_TO_32_BIT_CONVERSION = YES;
				GCC_WARN_ABOUT_RETURN_TYPE = YES_ERROR;
				GCC_WARN_UNDECLARED_SELECTOR = YES;
				GCC_WARN_UNINITIALIZED_AUTOS = YES_AGGRESSIVE;
				GCC_WARN_UNUSED_FUNCTION = YES;
				GCC_WARN_UNUSED_VARIABLE = YES;
				IPHONEOS_DEPLOYMENT_TARGET = 17.2;
				LOCALIZATION_PREFERS_STRING_CATALOGS = YES;
				MTL_ENABLE_DEBUG_INFO = NO;
				MTL_FAST_MATH = YES;
				SDKROOT = iphoneos;
				SWIFT_COMPILATION_MODE = wholemodule;
				VALIDATE_PRODUCT = YES;
			};
			name = Release;
		};
		3B2F3CBE2BD13C1E00B8DCEE /* Debug */ = {
			isa = XCBuildConfiguration;
			buildSettings = {
				ASSETCATALOG_COMPILER_APPICON_NAME = AppIcon;
				ASSETCATALOG_COMPILER_GLOBAL_ACCENT_COLOR_NAME = AccentColor;
				CODE_SIGN_STYLE = Automatic;
				CURRENT_PROJECT_VERSION = 1;
				DEVELOPMENT_ASSET_PATHS = "\"TCAExample/Preview Content\"";
				ENABLE_PREVIEWS = YES;
				GENERATE_INFOPLIST_FILE = YES;
				INFOPLIST_KEY_UIApplicationSceneManifest_Generation = YES;
				INFOPLIST_KEY_UIApplicationSupportsIndirectInputEvents = YES;
				INFOPLIST_KEY_UILaunchScreen_Generation = YES;
				INFOPLIST_KEY_UISupportedInterfaceOrientations_iPad = "UIInterfaceOrientationPortrait UIInterfaceOrientationPortraitUpsideDown UIInterfaceOrientationLandscapeLeft UIInterfaceOrientationLandscapeRight";
				INFOPLIST_KEY_UISupportedInterfaceOrientations_iPhone = "UIInterfaceOrientationPortrait UIInterfaceOrientationLandscapeLeft UIInterfaceOrientationLandscapeRight";
				LD_RUNPATH_SEARCH_PATHS = (
					"$(inherited)",
					"@executable_path/Frameworks",
				);
				MARKETING_VERSION = 1.0;
				PRODUCT_BUNDLE_IDENTIFIER = net.eurisko.TCAExample;
				PRODUCT_NAME = "$(TARGET_NAME)";
				SWIFT_EMIT_LOC_STRINGS = YES;
				SWIFT_VERSION = 5.0;
				TARGETED_DEVICE_FAMILY = "1,2";
			};
			name = Debug;
		};
		3B2F3CBF2BD13C1E00B8DCEE /* Release */ = {
			isa = XCBuildConfiguration;
			buildSettings = {
				ASSETCATALOG_COMPILER_APPICON_NAME = AppIcon;
				ASSETCATALOG_COMPILER_GLOBAL_ACCENT_COLOR_NAME = AccentColor;
				CODE_SIGN_STYLE = Automatic;
				CURRENT_PROJECT_VERSION = 1;
				DEVELOPMENT_ASSET_PATHS = "\"TCAExample/Preview Content\"";
				ENABLE_PREVIEWS = YES;
				GENERATE_INFOPLIST_FILE = YES;
				INFOPLIST_KEY_UIApplicationSceneManifest_Generation = YES;
				INFOPLIST_KEY_UIApplicationSupportsIndirectInputEvents = YES;
				INFOPLIST_KEY_UILaunchScreen_Generation = YES;
				INFOPLIST_KEY_UISupportedInterfaceOrientations_iPad = "UIInterfaceOrientationPortrait UIInterfaceOrientationPortraitUpsideDown UIInterfaceOrientationLandscapeLeft UIInterfaceOrientationLandscapeRight";
				INFOPLIST_KEY_UISupportedInterfaceOrientations_iPhone = "UIInterfaceOrientationPortrait UIInterfaceOrientationLandscapeLeft UIInterfaceOrientationLandscapeRight";
				LD_RUNPATH_SEARCH_PATHS = (
					"$(inherited)",
					"@executable_path/Frameworks",
				);
				MARKETING_VERSION = 1.0;
				PRODUCT_BUNDLE_IDENTIFIER = net.eurisko.TCAExample;
				PRODUCT_NAME = "$(TARGET_NAME)";
				SWIFT_EMIT_LOC_STRINGS = YES;
				SWIFT_VERSION = 5.0;
				TARGETED_DEVICE_FAMILY = "1,2";
			};
			name = Release;
		};
/* End XCBuildConfiguration section */

/* Begin XCConfigurationList section */
		3B2F3CAA2BD13C1D00B8DCEE /* Build configuration list for PBXProject "TCAExample" */ = {
			isa = XCConfigurationList;
			buildConfigurations = (
				3B2F3CBB2BD13C1E00B8DCEE /* Debug */,
				3B2F3CBC2BD13C1E00B8DCEE /* Release */,
			);
			defaultConfigurationIsVisible = 0;
			defaultConfigurationName = Release;
		};
		3B2F3CBD2BD13C1E00B8DCEE /* Build configuration list for PBXNativeTarget "TCAExample" */ = {
			isa = XCConfigurationList;
			buildConfigurations = (
				3B2F3CBE2BD13C1E00B8DCEE /* Debug */,
				3B2F3CBF2BD13C1E00B8DCEE /* Release */,
			);
			defaultConfigurationIsVisible = 0;
			defaultConfigurationName = Release;
		};
/* End XCConfigurationList section */

/* Begin XCRemoteSwiftPackageReference section */
		3B2F3CC02BD13E1900B8DCEE /* XCRemoteSwiftPackageReference "swift-composable-architecture" */ = {
			isa = XCRemoteSwiftPackageReference;
			repositoryURL = "https://github.com/pointfreeco/swift-composable-architecture";
			requirement = {
				kind = upToNextMajorVersion;
				minimumVersion = 1.9.3;
			};
		};
/* End XCRemoteSwiftPackageReference section */

/* Begin XCSwiftPackageProductDependency section */
		3B2F3CC12BD13E1900B8DCEE /* ComposableArchitecture */ = {
			isa = XCSwiftPackageProductDependency;
			package = 3B2F3CC02BD13E1900B8DCEE /* XCRemoteSwiftPackageReference "swift-composable-architecture" */;
			productName = ComposableArchitecture;
		};
/* End XCSwiftPackageProductDependency section */
	};
	rootObject = 3B2F3CA72BD13C1D00B8DCEE /* Project object */;
}
